// !$*UTF8*$!
{
	archiveVersion = 1;
	classes = {
	};
	objectVersion = 50;
	objects = {

/* Begin PBXBuildFile section */
		A95A80BF2380525400F775FC /* FrameExtractor.swift in Sources */ = {isa = PBXBuildFile; fileRef = A95A80BE2380525400F775FC /* FrameExtractor.swift */; };
		A968AAF9237EE75B0078AB1A /* OpenCVWrapper.mm in Sources */ = {isa = PBXBuildFile; fileRef = A968AAF8237EE75B0078AB1A /* OpenCVWrapper.mm */; };
		A968AB00237EECC90078AB1A /* iPictureARWrapper.mm in Sources */ = {isa = PBXBuildFile; fileRef = A968AAFF237EECC90078AB1A /* iPictureARWrapper.mm */; };
		A968AB0B237EF02E0078AB1A /* Matcher.cpp in Sources */ = {isa = PBXBuildFile; fileRef = A968AB02237EF02D0078AB1A /* Matcher.cpp */; };
		A968AB0C237EF02E0078AB1A /* marker.cpp in Sources */ = {isa = PBXBuildFile; fileRef = A968AB06237EF02E0078AB1A /* marker.cpp */; };
		A968AB0D237EF02E0078AB1A /* boundary_extractor.cpp in Sources */ = {isa = PBXBuildFile; fileRef = A968AB07237EF02E0078AB1A /* boundary_extractor.cpp */; };
		A968AB0E237EF02E0078AB1A /* boundary.cpp in Sources */ = {isa = PBXBuildFile; fileRef = A968AB08237EF02E0078AB1A /* boundary.cpp */; };
		A968AB0F237EF02E0078AB1A /* utils.cpp in Sources */ = {isa = PBXBuildFile; fileRef = A968AB0A237EF02E0078AB1A /* utils.cpp */; };
		A99D57682359F45D00A8AAF9 /* opencv2.framework in Frameworks */ = {isa = PBXBuildFile; fileRef = A99D57672359F45D00A8AAF9 /* opencv2.framework */; };
		A9EEB8DC2359F3B3008B6A94 /* AppDelegate.swift in Sources */ = {isa = PBXBuildFile; fileRef = A9EEB8DB2359F3B3008B6A94 /* AppDelegate.swift */; };
		A9EEB8DE2359F3B3008B6A94 /* SceneDelegate.swift in Sources */ = {isa = PBXBuildFile; fileRef = A9EEB8DD2359F3B3008B6A94 /* SceneDelegate.swift */; };
		A9EEB8E02359F3B3008B6A94 /* ContentView.swift in Sources */ = {isa = PBXBuildFile; fileRef = A9EEB8DF2359F3B3008B6A94 /* ContentView.swift */; };
		A9EEB8E22359F3B4008B6A94 /* Assets.xcassets in Resources */ = {isa = PBXBuildFile; fileRef = A9EEB8E12359F3B4008B6A94 /* Assets.xcassets */; };
		A9EEB8E52359F3B4008B6A94 /* Preview Assets.xcassets in Resources */ = {isa = PBXBuildFile; fileRef = A9EEB8E42359F3B4008B6A94 /* Preview Assets.xcassets */; };
		A9EEB8E82359F3B4008B6A94 /* LaunchScreen.storyboard in Resources */ = {isa = PBXBuildFile; fileRef = A9EEB8E62359F3B4008B6A94 /* LaunchScreen.storyboard */; };
/* End PBXBuildFile section */

/* Begin PBXFileReference section */
		A95A80BE2380525400F775FC /* FrameExtractor.swift */ = {isa = PBXFileReference; lastKnownFileType = sourcecode.swift; path = FrameExtractor.swift; sourceTree = "<group>"; };
		A968AAF6237EE75A0078AB1A /* iPictureAR-Bridging-Header.h */ = {isa = PBXFileReference; lastKnownFileType = sourcecode.c.h; path = "iPictureAR-Bridging-Header.h"; sourceTree = "<group>"; };
		A968AAF7237EE75B0078AB1A /* OpenCVWrapper.h */ = {isa = PBXFileReference; lastKnownFileType = sourcecode.c.h; name = OpenCVWrapper.h; path = iPictureAR/OpenCVWrapper.h; sourceTree = "<group>"; };
		A968AAF8237EE75B0078AB1A /* OpenCVWrapper.mm */ = {isa = PBXFileReference; lastKnownFileType = sourcecode.cpp.objcpp; name = OpenCVWrapper.mm; path = iPictureAR/OpenCVWrapper.mm; sourceTree = "<group>"; };
		A968AAFA237EE7FC0078AB1A /* PrefixHeader.pch */ = {isa = PBXFileReference; lastKnownFileType = sourcecode.c.h; path = PrefixHeader.pch; sourceTree = "<group>"; };
		A968AAFE237EECC90078AB1A /* IPictureARWrapper.h */ = {isa = PBXFileReference; lastKnownFileType = sourcecode.c.h; path = IPictureARWrapper.h; sourceTree = "<group>"; };
		A968AAFF237EECC90078AB1A /* iPictureARWrapper.mm */ = {isa = PBXFileReference; lastKnownFileType = sourcecode.cpp.objcpp; path = iPictureARWrapper.mm; sourceTree = "<group>"; };
		A968AB01237EF02D0078AB1A /* boundary_extractor.h */ = {isa = PBXFileReference; fileEncoding = 4; lastKnownFileType = sourcecode.c.h; path = boundary_extractor.h; sourceTree = "<group>"; };
		A968AB02237EF02D0078AB1A /* Matcher.cpp */ = {isa = PBXFileReference; fileEncoding = 4; lastKnownFileType = sourcecode.cpp.cpp; path = Matcher.cpp; sourceTree = "<group>"; };
		A968AB03237EF02D0078AB1A /* boundary.h */ = {isa = PBXFileReference; fileEncoding = 4; lastKnownFileType = sourcecode.c.h; path = boundary.h; sourceTree = "<group>"; };
		A968AB04237EF02D0078AB1A /* marker.h */ = {isa = PBXFileReference; fileEncoding = 4; lastKnownFileType = sourcecode.c.h; path = marker.h; sourceTree = "<group>"; };
		A968AB05237EF02D0078AB1A /* utils.h */ = {isa = PBXFileReference; fileEncoding = 4; lastKnownFileType = sourcecode.c.h; path = utils.h; sourceTree = "<group>"; };
		A968AB06237EF02E0078AB1A /* marker.cpp */ = {isa = PBXFileReference; fileEncoding = 4; lastKnownFileType = sourcecode.cpp.cpp; path = marker.cpp; sourceTree = "<group>"; };
		A968AB07237EF02E0078AB1A /* boundary_extractor.cpp */ = {isa = PBXFileReference; fileEncoding = 4; lastKnownFileType = sourcecode.cpp.cpp; path = boundary_extractor.cpp; sourceTree = "<group>"; };
		A968AB08237EF02E0078AB1A /* boundary.cpp */ = {isa = PBXFileReference; fileEncoding = 4; lastKnownFileType = sourcecode.cpp.cpp; path = boundary.cpp; sourceTree = "<group>"; };
		A968AB09237EF02E0078AB1A /* Matcher.h */ = {isa = PBXFileReference; fileEncoding = 4; lastKnownFileType = sourcecode.c.h; path = Matcher.h; sourceTree = "<group>"; };
		A968AB0A237EF02E0078AB1A /* utils.cpp */ = {isa = PBXFileReference; fileEncoding = 4; lastKnownFileType = sourcecode.cpp.cpp; path = utils.cpp; sourceTree = "<group>"; };
		A99D57672359F45D00A8AAF9 /* opencv2.framework */ = {isa = PBXFileReference; lastKnownFileType = wrapper.framework; path = opencv2.framework; sourceTree = "<group>"; };
		A9EEB8D82359F3B3008B6A94 /* iPictureAR.app */ = {isa = PBXFileReference; explicitFileType = wrapper.application; includeInIndex = 0; path = iPictureAR.app; sourceTree = BUILT_PRODUCTS_DIR; };
		A9EEB8DB2359F3B3008B6A94 /* AppDelegate.swift */ = {isa = PBXFileReference; lastKnownFileType = sourcecode.swift; path = AppDelegate.swift; sourceTree = "<group>"; };
		A9EEB8DD2359F3B3008B6A94 /* SceneDelegate.swift */ = {isa = PBXFileReference; lastKnownFileType = sourcecode.swift; path = SceneDelegate.swift; sourceTree = "<group>"; };
		A9EEB8DF2359F3B3008B6A94 /* ContentView.swift */ = {isa = PBXFileReference; lastKnownFileType = sourcecode.swift; path = ContentView.swift; sourceTree = "<group>"; };
		A9EEB8E12359F3B4008B6A94 /* Assets.xcassets */ = {isa = PBXFileReference; lastKnownFileType = folder.assetcatalog; path = Assets.xcassets; sourceTree = "<group>"; };
		A9EEB8E42359F3B4008B6A94 /* Preview Assets.xcassets */ = {isa = PBXFileReference; lastKnownFileType = folder.assetcatalog; path = "Preview Assets.xcassets"; sourceTree = "<group>"; };
		A9EEB8E72359F3B4008B6A94 /* Base */ = {isa = PBXFileReference; lastKnownFileType = file.storyboard; name = Base; path = Base.lproj/LaunchScreen.storyboard; sourceTree = "<group>"; };
		A9EEB8E92359F3B4008B6A94 /* Info.plist */ = {isa = PBXFileReference; lastKnownFileType = text.plist.xml; path = Info.plist; sourceTree = "<group>"; };
/* End PBXFileReference section */

/* Begin PBXFrameworksBuildPhase section */
		A9EEB8D52359F3B3008B6A94 /* Frameworks */ = {
			isa = PBXFrameworksBuildPhase;
			buildActionMask = 2147483647;
			files = (
				A99D57682359F45D00A8AAF9 /* opencv2.framework in Frameworks */,
			);
			runOnlyForDeploymentPostprocessing = 0;
		};
/* End PBXFrameworksBuildPhase section */

/* Begin PBXGroup section */
		A9EEB8CF2359F3B3008B6A94 = {
			isa = PBXGroup;
			children = (
				A968AB08237EF02E0078AB1A /* boundary.cpp */,
				A968AB03237EF02D0078AB1A /* boundary.h */,
				A968AB06237EF02E0078AB1A /* marker.cpp */,
				A968AB04237EF02D0078AB1A /* marker.h */,
				A968AB07237EF02E0078AB1A /* boundary_extractor.cpp */,
				A968AB01237EF02D0078AB1A /* boundary_extractor.h */,
				A968AB02237EF02D0078AB1A /* Matcher.cpp */,
				A968AB09237EF02E0078AB1A /* Matcher.h */,
				A968AB0A237EF02E0078AB1A /* utils.cpp */,
				A968AB05237EF02D0078AB1A /* utils.h */,
				A968AAF7237EE75B0078AB1A /* OpenCVWrapper.h */,
				A968AAF8237EE75B0078AB1A /* OpenCVWrapper.mm */,
				A968AAFE237EECC90078AB1A /* IPictureARWrapper.h */,
				A968AAFF237EECC90078AB1A /* iPictureARWrapper.mm */,
				A968AAFA237EE7FC0078AB1A /* PrefixHeader.pch */,
				A9EEB8DA2359F3B3008B6A94 /* iPictureAR */,
				A9EEB8D92359F3B3008B6A94 /* Products */,
				A99D57672359F45D00A8AAF9 /* opencv2.framework */,
				A968AAF6237EE75A0078AB1A /* iPictureAR-Bridging-Header.h */,
			);
			sourceTree = "<group>";
		};
		A9EEB8D92359F3B3008B6A94 /* Products */ = {
			isa = PBXGroup;
			children = (
				A9EEB8D82359F3B3008B6A94 /* iPictureAR.app */,
			);
			name = Products;
			sourceTree = "<group>";
		};
		A9EEB8DA2359F3B3008B6A94 /* iPictureAR */ = {
			isa = PBXGroup;
			children = (
				A9EEB8DB2359F3B3008B6A94 /* AppDelegate.swift */,
				A9EEB8DD2359F3B3008B6A94 /* SceneDelegate.swift */,
				A9EEB8DF2359F3B3008B6A94 /* ContentView.swift */,
				A9EEB8E12359F3B4008B6A94 /* Assets.xcassets */,
				A9EEB8E62359F3B4008B6A94 /* LaunchScreen.storyboard */,
				A9EEB8E92359F3B4008B6A94 /* Info.plist */,
				A9EEB8E32359F3B4008B6A94 /* Preview Content */,
				A95A80BE2380525400F775FC /* FrameExtractor.swift */,
			);
			path = iPictureAR;
			sourceTree = "<group>";
		};
		A9EEB8E32359F3B4008B6A94 /* Preview Content */ = {
			isa = PBXGroup;
			children = (
				A9EEB8E42359F3B4008B6A94 /* Preview Assets.xcassets */,
			);
			path = "Preview Content";
			sourceTree = "<group>";
		};
/* End PBXGroup section */

/* Begin PBXNativeTarget section */
		A9EEB8D72359F3B3008B6A94 /* iPictureAR */ = {
			isa = PBXNativeTarget;
			buildConfigurationList = A9EEB8EC2359F3B4008B6A94 /* Build configuration list for PBXNativeTarget "iPictureAR" */;
			buildPhases = (
				A9EEB8D42359F3B3008B6A94 /* Sources */,
				A9EEB8D52359F3B3008B6A94 /* Frameworks */,
				A9EEB8D62359F3B3008B6A94 /* Resources */,
			);
			buildRules = (
			);
			dependencies = (
			);
			name = iPictureAR;
			productName = iPictureAR;
			productReference = A9EEB8D82359F3B3008B6A94 /* iPictureAR.app */;
			productType = "com.apple.product-type.application";
		};
/* End PBXNativeTarget section */

/* Begin PBXProject section */
		A9EEB8D02359F3B3008B6A94 /* Project object */ = {
			isa = PBXProject;
			attributes = {
				LastSwiftUpdateCheck = 1110;
				LastUpgradeCheck = 1110;
				ORGANIZATIONNAME = "Marco Signoretto";
				TargetAttributes = {
					A9EEB8D72359F3B3008B6A94 = {
						CreatedOnToolsVersion = 11.1;
						LastSwiftMigration = 1120;
					};
				};
			};
			buildConfigurationList = A9EEB8D32359F3B3008B6A94 /* Build configuration list for PBXProject "iPictureAR" */;
			compatibilityVersion = "Xcode 9.3";
			developmentRegion = en;
			hasScannedForEncodings = 0;
			knownRegions = (
				en,
				Base,
			);
			mainGroup = A9EEB8CF2359F3B3008B6A94;
			productRefGroup = A9EEB8D92359F3B3008B6A94 /* Products */;
			projectDirPath = "";
			projectRoot = "";
			targets = (
				A9EEB8D72359F3B3008B6A94 /* iPictureAR */,
			);
		};
/* End PBXProject section */

/* Begin PBXResourcesBuildPhase section */
		A9EEB8D62359F3B3008B6A94 /* Resources */ = {
			isa = PBXResourcesBuildPhase;
			buildActionMask = 2147483647;
			files = (
				A9EEB8E82359F3B4008B6A94 /* LaunchScreen.storyboard in Resources */,
				A9EEB8E52359F3B4008B6A94 /* Preview Assets.xcassets in Resources */,
				A9EEB8E22359F3B4008B6A94 /* Assets.xcassets in Resources */,
			);
			runOnlyForDeploymentPostprocessing = 0;
		};
/* End PBXResourcesBuildPhase section */

/* Begin PBXSourcesBuildPhase section */
		A9EEB8D42359F3B3008B6A94 /* Sources */ = {
			isa = PBXSourcesBuildPhase;
			buildActionMask = 2147483647;
			files = (
				A9EEB8DC2359F3B3008B6A94 /* AppDelegate.swift in Sources */,
				A968AB0B237EF02E0078AB1A /* Matcher.cpp in Sources */,
				A968AB0E237EF02E0078AB1A /* boundary.cpp in Sources */,
				A9EEB8DE2359F3B3008B6A94 /* SceneDelegate.swift in Sources */,
				A968AAF9237EE75B0078AB1A /* OpenCVWrapper.mm in Sources */,
				A968AB0F237EF02E0078AB1A /* utils.cpp in Sources */,
				A968AB0D237EF02E0078AB1A /* boundary_extractor.cpp in Sources */,
				A95A80BF2380525400F775FC /* FrameExtractor.swift in Sources */,
				A968AB0C237EF02E0078AB1A /* marker.cpp in Sources */,
				A9EEB8E02359F3B3008B6A94 /* ContentView.swift in Sources */,
				A968AB00237EECC90078AB1A /* iPictureARWrapper.mm in Sources */,
			);
			runOnlyForDeploymentPostprocessing = 0;
		};
/* End PBXSourcesBuildPhase section */

/* Begin PBXVariantGroup section */
		A9EEB8E62359F3B4008B6A94 /* LaunchScreen.storyboard */ = {
			isa = PBXVariantGroup;
			children = (
				A9EEB8E72359F3B4008B6A94 /* Base */,
			);
			name = LaunchScreen.storyboard;
			sourceTree = "<group>";
		};
/* End PBXVariantGroup section */

/* Begin XCBuildConfiguration section */
		A9EEB8EA2359F3B4008B6A94 /* Debug */ = {
			isa = XCBuildConfiguration;
			buildSettings = {
				ALWAYS_SEARCH_USER_PATHS = NO;
				CLANG_ANALYZER_NONNULL = YES;
				CLANG_ANALYZER_NUMBER_OBJECT_CONVERSION = YES_AGGRESSIVE;
				CLANG_CXX_LANGUAGE_STANDARD = "gnu++14";
				CLANG_CXX_LIBRARY = "libc++";
				CLANG_ENABLE_MODULES = YES;
				CLANG_ENABLE_OBJC_ARC = YES;
				CLANG_ENABLE_OBJC_WEAK = YES;
				CLANG_WARN_BLOCK_CAPTURE_AUTORELEASING = YES;
				CLANG_WARN_BOOL_CONVERSION = YES;
				CLANG_WARN_COMMA = YES;
				CLANG_WARN_CONSTANT_CONVERSION = YES;
				CLANG_WARN_DEPRECATED_OBJC_IMPLEMENTATIONS = YES;
				CLANG_WARN_DIRECT_OBJC_ISA_USAGE = YES_ERROR;
				CLANG_WARN_DOCUMENTATION_COMMENTS = YES;
				CLANG_WARN_EMPTY_BODY = YES;
				CLANG_WARN_ENUM_CONVERSION = YES;
				CLANG_WARN_INFINITE_RECURSION = YES;
				CLANG_WARN_INT_CONVERSION = YES;
				CLANG_WARN_NON_LITERAL_NULL_CONVERSION = YES;
				CLANG_WARN_OBJC_IMPLICIT_RETAIN_SELF = YES;
				CLANG_WARN_OBJC_LITERAL_CONVERSION = YES;
				CLANG_WARN_OBJC_ROOT_CLASS = YES_ERROR;
				CLANG_WARN_RANGE_LOOP_ANALYSIS = YES;
				CLANG_WARN_STRICT_PROTOTYPES = YES;
				CLANG_WARN_SUSPICIOUS_MOVE = YES;
				CLANG_WARN_UNGUARDED_AVAILABILITY = YES_AGGRESSIVE;
				CLANG_WARN_UNREACHABLE_CODE = YES;
				CLANG_WARN__DUPLICATE_METHOD_MATCH = YES;
				COPY_PHASE_STRIP = NO;
				DEBUG_INFORMATION_FORMAT = dwarf;
				ENABLE_STRICT_OBJC_MSGSEND = YES;
				ENABLE_TESTABILITY = YES;
				GCC_C_LANGUAGE_STANDARD = gnu11;
				GCC_DYNAMIC_NO_PIC = NO;
				GCC_NO_COMMON_BLOCKS = YES;
				GCC_OPTIMIZATION_LEVEL = 0;
				GCC_PREFIX_HEADER = "$(SRCROOT)/PrefixHeader.pch";
				GCC_PREPROCESSOR_DEFINITIONS = (
					"DEBUG=1",
					"$(inherited)",
				);
				GCC_WARN_64_TO_32_BIT_CONVERSION = YES;
				GCC_WARN_ABOUT_RETURN_TYPE = YES_ERROR;
				GCC_WARN_UNDECLARED_SELECTOR = YES;
				GCC_WARN_UNINITIALIZED_AUTOS = YES_AGGRESSIVE;
				GCC_WARN_UNUSED_FUNCTION = YES;
				GCC_WARN_UNUSED_VARIABLE = YES;
				IPHONEOS_DEPLOYMENT_TARGET = 13.1;
				MTL_ENABLE_DEBUG_INFO = INCLUDE_SOURCE;
				MTL_FAST_MATH = YES;
				ONLY_ACTIVE_ARCH = YES;
				SDKROOT = iphoneos;
				SWIFT_ACTIVE_COMPILATION_CONDITIONS = DEBUG;
				SWIFT_OPTIMIZATION_LEVEL = "-Onone";
			};
			name = Debug;
		};
		A9EEB8EB2359F3B4008B6A94 /* Release */ = {
			isa = XCBuildConfiguration;
			buildSettings = {
				ALWAYS_SEARCH_USER_PATHS = NO;
				CLANG_ANALYZER_NONNULL = YES;
				CLANG_ANALYZER_NUMBER_OBJECT_CONVERSION = YES_AGGRESSIVE;
				CLANG_CXX_LANGUAGE_STANDARD = "gnu++14";
				CLANG_CXX_LIBRARY = "libc++";
				CLANG_ENABLE_MODULES = YES;
				CLANG_ENABLE_OBJC_ARC = YES;
				CLANG_ENABLE_OBJC_WEAK = YES;
				CLANG_WARN_BLOCK_CAPTURE_AUTORELEASING = YES;
				CLANG_WARN_BOOL_CONVERSION = YES;
				CLANG_WARN_COMMA = YES;
				CLANG_WARN_CONSTANT_CONVERSION = YES;
				CLANG_WARN_DEPRECATED_OBJC_IMPLEMENTATIONS = YES;
				CLANG_WARN_DIRECT_OBJC_ISA_USAGE = YES_ERROR;
				CLANG_WARN_DOCUMENTATION_COMMENTS = YES;
				CLANG_WARN_EMPTY_BODY = YES;
				CLANG_WARN_ENUM_CONVERSION = YES;
				CLANG_WARN_INFINITE_RECURSION = YES;
				CLANG_WARN_INT_CONVERSION = YES;
				CLANG_WARN_NON_LITERAL_NULL_CONVERSION = YES;
				CLANG_WARN_OBJC_IMPLICIT_RETAIN_SELF = YES;
				CLANG_WARN_OBJC_LITERAL_CONVERSION = YES;
				CLANG_WARN_OBJC_ROOT_CLASS = YES_ERROR;
				CLANG_WARN_RANGE_LOOP_ANALYSIS = YES;
				CLANG_WARN_STRICT_PROTOTYPES = YES;
				CLANG_WARN_SUSPICIOUS_MOVE = YES;
				CLANG_WARN_UNGUARDED_AVAILABILITY = YES_AGGRESSIVE;
				CLANG_WARN_UNREACHABLE_CODE = YES;
				CLANG_WARN__DUPLICATE_METHOD_MATCH = YES;
				COPY_PHASE_STRIP = NO;
				DEBUG_INFORMATION_FORMAT = "dwarf-with-dsym";
				ENABLE_NS_ASSERTIONS = NO;
				ENABLE_STRICT_OBJC_MSGSEND = YES;
				GCC_C_LANGUAGE_STANDARD = gnu11;
				GCC_NO_COMMON_BLOCKS = YES;
				GCC_PREFIX_HEADER = "$(SRCROOT)/PrefixHeader.pch";
				GCC_WARN_64_TO_32_BIT_CONVERSION = YES;
				GCC_WARN_ABOUT_RETURN_TYPE = YES_ERROR;
				GCC_WARN_UNDECLARED_SELECTOR = YES;
				GCC_WARN_UNINITIALIZED_AUTOS = YES_AGGRESSIVE;
				GCC_WARN_UNUSED_FUNCTION = YES;
				GCC_WARN_UNUSED_VARIABLE = YES;
				IPHONEOS_DEPLOYMENT_TARGET = 13.1;
				MTL_ENABLE_DEBUG_INFO = NO;
				MTL_FAST_MATH = YES;
				SDKROOT = iphoneos;
				SWIFT_COMPILATION_MODE = wholemodule;
				SWIFT_OPTIMIZATION_LEVEL = "-O";
				VALIDATE_PRODUCT = YES;
			};
			name = Release;
		};
		A9EEB8ED2359F3B4008B6A94 /* Debug */ = {
			isa = XCBuildConfiguration;
			buildSettings = {
				ASSETCATALOG_COMPILER_APPICON_NAME = AppIcon;
				CLANG_ENABLE_MODULES = YES;
				CODE_SIGN_IDENTITY = "Apple Development";
				CODE_SIGN_STYLE = Automatic;
				DEVELOPMENT_ASSET_PATHS = "\"iPictureAR/Preview Content\"";
				DEVELOPMENT_TEAM = 8D9983J584;
				ENABLE_PREVIEWS = YES;
				FRAMEWORK_SEARCH_PATHS = (
					"$(inherited)",
					"$(PROJECT_DIR)",
				);
				INFOPLIST_FILE = iPictureAR/Info.plist;
				LD_RUNPATH_SEARCH_PATHS = (
					"$(inherited)",
					"@executable_path/Frameworks",
				);
				PRODUCT_BUNDLE_IDENTIFIER = io.github.marcosignoretto.iPictureAR;
				PRODUCT_NAME = "$(TARGET_NAME)";
				PROVISIONING_PROFILE_SPECIFIER = "";
				SWIFT_OBJC_BRIDGING_HEADER = "iPictureAR-Bridging-Header.h";
				SWIFT_OPTIMIZATION_LEVEL = "-Onone";
				SWIFT_VERSION = 5.0;
				TARGETED_DEVICE_FAMILY = "1,2";
			};
			name = Debug;
		};
		A9EEB8EE2359F3B4008B6A94 /* Release */ = {
			isa = XCBuildConfiguration;
			buildSettings = {
				ASSETCATALOG_COMPILER_APPICON_NAME = AppIcon;
				CLANG_ENABLE_MODULES = YES;
				CODE_SIGN_IDENTITY = "Apple Development";
				CODE_SIGN_STYLE = Automatic;
				DEVELOPMENT_ASSET_PATHS = "\"iPictureAR/Preview Content\"";
				DEVELOPMENT_TEAM = 8D9983J584;
				ENABLE_PREVIEWS = YES;
				FRAMEWORK_SEARCH_PATHS = (
					"$(inherited)",
					"$(PROJECT_DIR)",
				);
				INFOPLIST_FILE = iPictureAR/Info.plist;
				LD_RUNPATH_SEARCH_PATHS = (
					"$(inherited)",
					"@executable_path/Frameworks",
				);
				PRODUCT_BUNDLE_IDENTIFIER = io.github.marcosignoretto.iPictureAR;
				PRODUCT_NAME = "$(TARGET_NAME)";
				PROVISIONING_PROFILE_SPECIFIER = "";
				SWIFT_OBJC_BRIDGING_HEADER = "iPictureAR-Bridging-Header.h";
				SWIFT_VERSION = 5.0;
				TARGETED_DEVICE_FAMILY = "1,2";
			};
			name = Release;
		};
/* End XCBuildConfiguration section */

/* Begin XCConfigurationList section */
		A9EEB8D32359F3B3008B6A94 /* Build configuration list for PBXProject "iPictureAR" */ = {
			isa = XCConfigurationList;
			buildConfigurations = (
				A9EEB8EA2359F3B4008B6A94 /* Debug */,
				A9EEB8EB2359F3B4008B6A94 /* Release */,
			);
			defaultConfigurationIsVisible = 0;
			defaultConfigurationName = Release;
		};
		A9EEB8EC2359F3B4008B6A94 /* Build configuration list for PBXNativeTarget "iPictureAR" */ = {
			isa = XCConfigurationList;
			buildConfigurations = (
				A9EEB8ED2359F3B4008B6A94 /* Debug */,
				A9EEB8EE2359F3B4008B6A94 /* Release */,
			);
			defaultConfigurationIsVisible = 0;
			defaultConfigurationName = Release;
		};
/* End XCConfigurationList section */
	};
	rootObject = A9EEB8D02359F3B3008B6A94 /* Project object */;
}
